
Microsoft Visual Studio Solution File, Format Version 12.00
# Visual Studio Version 16
VisualStudioVersion = 16.0.0.0
MinimumVisualStudioVersion = 16.0.0.0
Project("{9A19103F-16F7-4668-BE54-9A1E7A4F7556}") = "Tuxedo", "Tuxedo\Tuxedo.csproj", "{CC9DD768-BCBA-458E-A03F-3690E35995B4}"
EndProject
Project("{9A19103F-16F7-4668-BE54-9A1E7A4F7556}") = "Tuxedo.Client", "Tuxedo.Client\Tuxedo.Client.csproj", "{D3BE6952-0D90-4614-974B-0F6CC0608878}"
EndProject
Project("{FAE04EC0-301F-11D3-BF4B-00C04F79EFBC}") = "Tuxedo.Api", "Tuxedo.Api\Tuxedo.Api.csproj", "{FC293191-395F-4F0F-8442-7555132B4A99}"
EndProject
Project("{FAE04EC0-301F-11D3-BF4B-00C04F79EFBC}") = "Tuxedo.Tests", "Tuxedo.Tests\Tuxedo.Tests.csproj", "{A863487A-0F69-4CE7-86AC-72941A10F925}"
EndProject
Project("{FAE04EC0-301F-11D3-BF4B-00C04F79EFBC}") = "Tuxedo.Domain", "Tuxedo.Domain\Tuxedo.Domain.csproj", "{EB199616-028B-412F-A0AB-3929747ED832}"
EndProject
Project("{FAE04EC0-301F-11D3-BF4B-00C04F79EFBC}") = "Tuxedo.Shared", "Tuxedo.Shared\Tuxedo.Shared.csproj", "{13D05BE6-E0BE-4CE0-AB8C-C9EA70EC4631}"
EndProject
Project("{FAE04EC0-301F-11D3-BF4B-00C04F79EFBC}") = "Tuxedo.Storage", "Tuxedo.Storage\Tuxedo.Storage.csproj", "{59DBCF95-95B4-452A-948A-8AB5829821D9}"
EndProject
Global
	GlobalSection(SolutionConfigurationPlatforms) = preSolution
		Debug|Any CPU = Debug|Any CPU
		Debug|x64 = Debug|x64
		Debug|x86 = Debug|x86
		Release|Any CPU = Release|Any CPU
		Release|x64 = Release|x64
		Release|x86 = Release|x86
	EndGlobalSection
	GlobalSection(ProjectConfigurationPlatforms) = postSolution
		{CC9DD768-BCBA-458E-A03F-3690E35995B4}.Debug|Any CPU.ActiveCfg = Debug|Any CPU
		{CC9DD768-BCBA-458E-A03F-3690E35995B4}.Debug|Any CPU.Build.0 = Debug|Any CPU
		{CC9DD768-BCBA-458E-A03F-3690E35995B4}.Debug|x64.ActiveCfg = Debug|Any CPU
		{CC9DD768-BCBA-458E-A03F-3690E35995B4}.Debug|x64.Build.0 = Debug|Any CPU
		{CC9DD768-BCBA-458E-A03F-3690E35995B4}.Debug|x86.ActiveCfg = Debug|Any CPU
		{CC9DD768-BCBA-458E-A03F-3690E35995B4}.Debug|x86.Build.0 = Debug|Any CPU
		{CC9DD768-BCBA-458E-A03F-3690E35995B4}.Release|Any CPU.ActiveCfg = Release|Any CPU
		{CC9DD768-BCBA-458E-A03F-3690E35995B4}.Release|Any CPU.Build.0 = Release|Any CPU
		{CC9DD768-BCBA-458E-A03F-3690E35995B4}.Release|x64.ActiveCfg = Release|Any CPU
		{CC9DD768-BCBA-458E-A03F-3690E35995B4}.Release|x64.Build.0 = Release|Any CPU
		{CC9DD768-BCBA-458E-A03F-3690E35995B4}.Release|x86.ActiveCfg = Release|Any CPU
		{CC9DD768-BCBA-458E-A03F-3690E35995B4}.Release|x86.Build.0 = Release|Any CPU
		{D3BE6952-0D90-4614-974B-0F6CC0608878}.Debug|Any CPU.ActiveCfg = Debug|Any CPU
		{D3BE6952-0D90-4614-974B-0F6CC0608878}.Debug|Any CPU.Build.0 = Debug|Any CPU
		{D3BE6952-0D90-4614-974B-0F6CC0608878}.Debug|x64.ActiveCfg = Debug|Any CPU
		{D3BE6952-0D90-4614-974B-0F6CC0608878}.Debug|x64.Build.0 = Debug|Any CPU
		{D3BE6952-0D90-4614-974B-0F6CC0608878}.Debug|x86.ActiveCfg = Debug|Any CPU
		{D3BE6952-0D90-4614-974B-0F6CC0608878}.Debug|x86.Build.0 = Debug|Any CPU
		{D3BE6952-0D90-4614-974B-0F6CC0608878}.Release|Any CPU.ActiveCfg = Release|Any CPU
		{D3BE6952-0D90-4614-974B-0F6CC0608878}.Release|Any CPU.Build.0 = Release|Any CPU
		{D3BE6952-0D90-4614-974B-0F6CC0608878}.Release|x64.ActiveCfg = Release|Any CPU
		{D3BE6952-0D90-4614-974B-0F6CC0608878}.Release|x64.Build.0 = Release|Any CPU
		{D3BE6952-0D90-4614-974B-0F6CC0608878}.Release|x86.ActiveCfg = Release|Any CPU
		{D3BE6952-0D90-4614-974B-0F6CC0608878}.Release|x86.Build.0 = Release|Any CPU
		{FC293191-395F-4F0F-8442-7555132B4A99}.Debug|Any CPU.ActiveCfg = Debug|Any CPU
		{FC293191-395F-4F0F-8442-7555132B4A99}.Debug|Any CPU.Build.0 = Debug|Any CPU
		{FC293191-395F-4F0F-8442-7555132B4A99}.Debug|x64.ActiveCfg = Debug|Any CPU
		{FC293191-395F-4F0F-8442-7555132B4A99}.Debug|x64.Build.0 = Debug|Any CPU
		{FC293191-395F-4F0F-8442-7555132B4A99}.Debug|x86.ActiveCfg = Debug|Any CPU
		{FC293191-395F-4F0F-8442-7555132B4A99}.Debug|x86.Build.0 = Debug|Any CPU
		{FC293191-395F-4F0F-8442-7555132B4A99}.Release|Any CPU.ActiveCfg = Release|Any CPU
		{FC293191-395F-4F0F-8442-7555132B4A99}.Release|Any CPU.Build.0 = Release|Any CPU
		{FC293191-395F-4F0F-8442-7555132B4A99}.Release|x64.ActiveCfg = Release|Any CPU
		{FC293191-395F-4F0F-8442-7555132B4A99}.Release|x64.Build.0 = Release|Any CPU
		{FC293191-395F-4F0F-8442-7555132B4A99}.Release|x86.ActiveCfg = Release|Any CPU
		{FC293191-395F-4F0F-8442-7555132B4A99}.Release|x86.Build.0 = Release|Any CPU
		{A863487A-0F69-4CE7-86AC-72941A10F925}.Debug|Any CPU.ActiveCfg = Debug|Any CPU
		{A863487A-0F69-4CE7-86AC-72941A10F925}.Debug|Any CPU.Build.0 = Debug|Any CPU
		{A863487A-0F69-4CE7-86AC-72941A10F925}.Debug|x64.ActiveCfg = Debug|Any CPU
		{A863487A-0F69-4CE7-86AC-72941A10F925}.Debug|x64.Build.0 = Debug|Any CPU
		{A863487A-0F69-4CE7-86AC-72941A10F925}.Debug|x86.ActiveCfg = Debug|Any CPU
		{A863487A-0F69-4CE7-86AC-72941A10F925}.Debug|x86.Build.0 = Debug|Any CPU
		{A863487A-0F69-4CE7-86AC-72941A10F925}.Release|Any CPU.ActiveCfg = Release|Any CPU
		{A863487A-0F69-4CE7-86AC-72941A10F925}.Release|Any CPU.Build.0 = Release|Any CPU
		{A863487A-0F69-4CE7-86AC-72941A10F925}.Release|x64.ActiveCfg = Release|Any CPU
		{A863487A-0F69-4CE7-86AC-72941A10F925}.Release|x64.Build.0 = Release|Any CPU
		{A863487A-0F69-4CE7-86AC-72941A10F925}.Release|x86.ActiveCfg = Release|Any CPU
		{A863487A-0F69-4CE7-86AC-72941A10F925}.Release|x86.Build.0 = Release|Any CPU
		{EB199616-028B-412F-A0AB-3929747ED832}.Debug|Any CPU.ActiveCfg = Debug|Any CPU
		{EB199616-028B-412F-A0AB-3929747ED832}.Debug|Any CPU.Build.0 = Debug|Any CPU
		{EB199616-028B-412F-A0AB-3929747ED832}.Debug|x64.ActiveCfg = Debug|Any CPU
		{EB199616-028B-412F-A0AB-3929747ED832}.Debug|x64.Build.0 = Debug|Any CPU
		{EB199616-028B-412F-A0AB-3929747ED832}.Debug|x86.ActiveCfg = Debug|Any CPU
		{EB199616-028B-412F-A0AB-3929747ED832}.Debug|x86.Build.0 = Debug|Any CPU
		{EB199616-028B-412F-A0AB-3929747ED832}.Release|Any CPU.ActiveCfg = Release|Any CPU
		{EB199616-028B-412F-A0AB-3929747ED832}.Release|Any CPU.Build.0 = Release|Any CPU
		{EB199616-028B-412F-A0AB-3929747ED832}.Release|x64.ActiveCfg = Release|Any CPU
		{EB199616-028B-412F-A0AB-3929747ED832}.Release|x64.Build.0 = Release|Any CPU
		{EB199616-028B-412F-A0AB-3929747ED832}.Release|x86.ActiveCfg = Release|Any CPU
		{EB199616-028B-412F-A0AB-3929747ED832}.Release|x86.Build.0 = Release|Any CPU
		{13D05BE6-E0BE-4CE0-AB8C-C9EA70EC4631}.Debug|Any CPU.ActiveCfg = Debug|Any CPU
		{13D05BE6-E0BE-4CE0-AB8C-C9EA70EC4631}.Debug|Any CPU.Build.0 = Debug|Any CPU
		{13D05BE6-E0BE-4CE0-AB8C-C9EA70EC4631}.Debug|x64.ActiveCfg = Debug|Any CPU
		{13D05BE6-E0BE-4CE0-AB8C-C9EA70EC4631}.Debug|x64.Build.0 = Debug|Any CPU
		{13D05BE6-E0BE-4CE0-AB8C-C9EA70EC4631}.Debug|x86.ActiveCfg = Debug|Any CPU
		{13D05BE6-E0BE-4CE0-AB8C-C9EA70EC4631}.Debug|x86.Build.0 = Debug|Any CPU
		{13D05BE6-E0BE-4CE0-AB8C-C9EA70EC4631}.Release|Any CPU.ActiveCfg = Release|Any CPU
		{13D05BE6-E0BE-4CE0-AB8C-C9EA70EC4631}.Release|Any CPU.Build.0 = Release|Any CPU
		{13D05BE6-E0BE-4CE0-AB8C-C9EA70EC4631}.Release|x64.ActiveCfg = Release|Any CPU
		{13D05BE6-E0BE-4CE0-AB8C-C9EA70EC4631}.Release|x64.Build.0 = Release|Any CPU
		{13D05BE6-E0BE-4CE0-AB8C-C9EA70EC4631}.Release|x86.ActiveCfg = Release|Any CPU
		{13D05BE6-E0BE-4CE0-AB8C-C9EA70EC4631}.Release|x86.Build.0 = Release|Any CPU
		{59DBCF95-95B4-452A-948A-8AB5829821D9}.Debug|Any CPU.ActiveCfg = Debug|Any CPU
		{59DBCF95-95B4-452A-948A-8AB5829821D9}.Debug|Any CPU.Build.0 = Debug|Any CPU
		{59DBCF95-95B4-452A-948A-8AB5829821D9}.Debug|x64.ActiveCfg = Debug|Any CPU
		{59DBCF95-95B4-452A-948A-8AB5829821D9}.Debug|x64.Build.0 = Debug|Any CPU
		{59DBCF95-95B4-452A-948A-8AB5829821D9}.Debug|x86.ActiveCfg = Debug|Any CPU
		{59DBCF95-95B4-452A-948A-8AB5829821D9}.Debug|x86.Build.0 = Debug|Any CPU
		{59DBCF95-95B4-452A-948A-8AB5829821D9}.Release|Any CPU.ActiveCfg = Release|Any CPU
		{59DBCF95-95B4-452A-948A-8AB5829821D9}.Release|Any CPU.Build.0 = Release|Any CPU
		{59DBCF95-95B4-452A-948A-8AB5829821D9}.Release|x64.ActiveCfg = Release|Any CPU
		{59DBCF95-95B4-452A-948A-8AB5829821D9}.Release|x64.Build.0 = Release|Any CPU
		{59DBCF95-95B4-452A-948A-8AB5829821D9}.Release|x86.ActiveCfg = Release|Any CPU
		{59DBCF95-95B4-452A-948A-8AB5829821D9}.Release|x86.Build.0 = Release|Any CPU
	EndGlobalSection
	GlobalSection(SolutionProperties) = preSolution
		HideSolutionNode = FALSE
	EndGlobalSection
	GlobalSection(ExtensibilityGlobals) = postSolution
		SolutionGuid = {A7237B44-DA50-4B6C-915B-CE8408D4C79A}
	EndGlobalSection
EndGlobal
